Microsoft Visual Studio Solution File, Format Version 12.00
# Visual Studio Version 18
VisualStudioVersion = 18.6.11819.183 stable
MinimumVisualStudioVersion = 10.0.40219.1
Project("{FAE04EC0-301F-11D3-BF4B-00C04F79EFBC}") = "Sharp4AI.Demo.Api", "Sharp4AI.Demo.Api\Sharp4AI.Demo.Api.csproj", "{FD87CA5C-F333-4D31-9CD2-A480EE670DCB}"
EndProject
Global
	GlobalSection(SolutionConfigurationPlatforms) = preSolution
		Debug|Any CPU = Debug|Any CPU
		Release|Any CPU = Release|Any CPU
	EndGlobalSection
	GlobalSection(ProjectConfigurationPlatforms) = postSolution
		{FD87CA5C-F333-4D31-9CD2-A480EE670DCB}.Debug|Any CPU.ActiveCfg = Debug|Any CPU
		{FD87CA5C-F333-4D31-9CD2-A480EE670DCB}.Debug|Any CPU.Build.0 = Debug|Any CPU
		{FD87CA5C-F333-4D31-9CD2-A480EE670DCB}.Release|Any CPU.ActiveCfg = Release|Any CPU
		{FD87CA5C-F333-4D31-9CD2-A480EE670DCB}.Release|Any CPU.Build.0 = Release|Any CPU
	EndGlobalSection
	GlobalSection(SolutionProperties) = preSolution
		HideSolutionNode = FALSE
	EndGlobalSection
	GlobalSection(ExtensibilityGlobals) = postSolution
		        SolutionGuid = {AE5F86AE-9D3A-48D0-BAAF-684315F7E4EB}
		SolutionGuid = {310C756E-4453-4FD5-B91F-C36FD60E7BA4}
	EndGlobalSection
EndGlobal
